github.com/vorduin/slices v1.0.0 h1:jvgPIzsjzpJpaUSImVRRT/HzsnLpQRB509klE92jd/M=
github.com/vorduin/slices v1.0.0/go.mod h1:KN1SK0SrEsHQbrA48xrLKpr60I4+qfY89ABCxmX2h5w=
github.com/vorduin/slices v1.0.1 h1:BbJvCBzqv4ZCuHsV3E23Fj/f5ErXAQn7UNsnOe9h0nA=
github.com/vorduin/slices v1.0.1/go.mod h1:KN1SK0SrEsHQbrA48xrLKpr60I4+qfY89ABCxmX2h5w=
